
Microsoft Visual Studio Solution File, Format Version 12.00
# Visual Studio Version 17
VisualStudioVersion = 17.4.33122.133
MinimumVisualStudioVersion = 10.0.40219.1
Project("{9A19103F-16F7-4668-BE54-9A1E7A4F7556}") = "LogSystem", "LogSystem\LogSystem.csproj", "{52C1A485-DC46-42BE-AB7C-CE94693BDE41}"
EndProject
Project("{FAE04EC0-301F-11D3-BF4B-00C04F79EFBC}") = "LogSystemTest", "LogSystemTest\LogSystemTest.csproj", "{82648609-8B85-4C35-9E08-93C92D72F971}"
EndProject
Global
	GlobalSection(SolutionConfigurationPlatforms) = preSolution
		Debug|Any CPU = Debug|Any CPU
		Release|Any CPU = Release|Any CPU
	EndGlobalSection
	GlobalSection(ProjectConfigurationPlatforms) = postSolution
		{52C1A485-DC46-42BE-AB7C-CE94693BDE41}.Debug|Any CPU.ActiveCfg = Debug|Any CPU
		{52C1A485-DC46-42BE-AB7C-CE94693BDE41}.Debug|Any CPU.Build.0 = Debug|Any CPU
		{52C1A485-DC46-42BE-AB7C-CE94693BDE41}.Release|Any CPU.ActiveCfg = Release|Any CPU
		{52C1A485-DC46-42BE-AB7C-CE94693BDE41}.Release|Any CPU.Build.0 = Release|Any CPU
		{82648609-8B85-4C35-9E08-93C92D72F971}.Debug|Any CPU.ActiveCfg = Debug|Any CPU
		{82648609-8B85-4C35-9E08-93C92D72F971}.Debug|Any CPU.Build.0 = Debug|Any CPU
		{82648609-8B85-4C35-9E08-93C92D72F971}.Release|Any CPU.ActiveCfg = Release|Any CPU
		{82648609-8B85-4C35-9E08-93C92D72F971}.Release|Any CPU.Build.0 = Release|Any CPU
	EndGlobalSection
	GlobalSection(SolutionProperties) = preSolution
		HideSolutionNode = FALSE
	EndGlobalSection
	GlobalSection(ExtensibilityGlobals) = postSolution
		SolutionGuid = {DD76EF3D-C165-4D55-B4CA-644E96D7B081}
	EndGlobalSection
EndGlobal
